// !$*UTF8*$!
{
	archiveVersion = 1;
	classes = {
	};
	objectVersion = 46;
	objects = {

/* Begin PBXBuildFile section */
		33590B6F1DA211C0001D9F8A /* MenuTableViewController.m in Sources */ = {isa = PBXBuildFile; fileRef = 33590B6E1DA211C0001D9F8A /* MenuTableViewController.m */; };
		337E56641DB5546200746203 /* KeyAreaViewController.m in Sources */ = {isa = PBXBuildFile; fileRef = 337E56631DB5546200746203 /* KeyAreaViewController.m */; };
		33B574401D93130200BD3C20 /* main.m in Sources */ = {isa = PBXBuildFile; fileRef = 33B5743F1D93130200BD3C20 /* main.m */; };
		33B574431D93130200BD3C20 /* AppDelegate.m in Sources */ = {isa = PBXBuildFile; fileRef = 33B574421D93130200BD3C20 /* AppDelegate.m */; };
		33B574461D93130200BD3C20 /* KeyboardViewController.m in Sources */ = {isa = PBXBuildFile; fileRef = 33B574451D93130200BD3C20 /* KeyboardViewController.m */; };
		33B574491D93130300BD3C20 /* Main.storyboard in Resources */ = {isa = PBXBuildFile; fileRef = 33B574471D93130300BD3C20 /* Main.storyboard */; };
		33B5744B1D93130300BD3C20 /* Assets.xcassets in Resources */ = {isa = PBXBuildFile; fileRef = 33B5744A1D93130300BD3C20 /* Assets.xcassets */; };
		33B5744E1D93130300BD3C20 /* LaunchScreen.storyboard in Resources */ = {isa = PBXBuildFile; fileRef = 33B5744C1D93130300BD3C20 /* LaunchScreen.storyboard */; };
		33C7F22E1DAACFFB00E25F9B /* KeyboardSelectorTableViewController.m in Sources */ = {isa = PBXBuildFile; fileRef = 33C7F22D1DAACFFB00E25F9B /* KeyboardSelectorTableViewController.m */; };
		33F391FE1D98DA9100BC1E43 /* Default.xml in Resources */ = {isa = PBXBuildFile; fileRef = 33F391FD1D98DA9100BC1E43 /* Default.xml */; };
		33F392071D98DAE900BC1E43 /* Key.m in Sources */ = {isa = PBXBuildFile; fileRef = 33F392001D98DAE900BC1E43 /* Key.m */; };
		33F392081D98DAE900BC1E43 /* Keyboard.m in Sources */ = {isa = PBXBuildFile; fileRef = 33F392021D98DAE900BC1E43 /* Keyboard.m */; };
		33F392091D98DAE900BC1E43 /* KeyboardParser.m in Sources */ = {isa = PBXBuildFile; fileRef = 33F392041D98DAE900BC1E43 /* KeyboardParser.m */; };
		33F3920A1D98DAE900BC1E43 /* Keyset.m in Sources */ = {isa = PBXBuildFile; fileRef = 33F392061D98DAE900BC1E43 /* Keyset.m */; };
/* End PBXBuildFile section */

/* Begin PBXFileReference section */
		33590B6D1DA211C0001D9F8A /* MenuTableViewController.h */ = {isa = PBXFileReference; fileEncoding = 4; lastKnownFileType = sourcecode.c.h; path = MenuTableViewController.h; sourceTree = "<group>"; };
		33590B6E1DA211C0001D9F8A /* MenuTableViewController.m */ = {isa = PBXFileReference; fileEncoding = 4; lastKnownFileType = sourcecode.c.objc; path = MenuTableViewController.m; sourceTree = "<group>"; };
		337E56621DB5546200746203 /* KeyAreaViewController.h */ = {isa = PBXFileReference; fileEncoding = 4; lastKnownFileType = sourcecode.c.h; path = KeyAreaViewController.h; sourceTree = "<group>"; };
		337E56631DB5546200746203 /* KeyAreaViewController.m */ = {isa = PBXFileReference; fileEncoding = 4; lastKnownFileType = sourcecode.c.objc; path = KeyAreaViewController.m; sourceTree = "<group>"; };
		338657A71DB4361100708977 /* KeyboardViewControllerDelegate.h */ = {isa = PBXFileReference; fileEncoding = 4; lastKnownFileType = sourcecode.c.h; path = KeyboardViewControllerDelegate.h; sourceTree = "<group>"; };
		33B5743B1D93130200BD3C20 /* Omni Keyboard.app */ = {isa = PBXFileReference; explicitFileType = wrapper.application; includeInIndex = 0; path = "Omni Keyboard.app"; sourceTree = BUILT_PRODUCTS_DIR; };
		33B5743F1D93130200BD3C20 /* main.m */ = {isa = PBXFileReference; lastKnownFileType = sourcecode.c.objc; path = main.m; sourceTree = "<group>"; };
		33B574411D93130200BD3C20 /* AppDelegate.h */ = {isa = PBXFileReference; lastKnownFileType = sourcecode.c.h; path = AppDelegate.h; sourceTree = "<group>"; };
		33B574421D93130200BD3C20 /* AppDelegate.m */ = {isa = PBXFileReference; lastKnownFileType = sourcecode.c.objc; path = AppDelegate.m; sourceTree = "<group>"; };
		33B574441D93130200BD3C20 /* KeyboardViewController.h */ = {isa = PBXFileReference; lastKnownFileType = sourcecode.c.h; path = KeyboardViewController.h; sourceTree = "<group>"; };
		33B574451D93130200BD3C20 /* KeyboardViewController.m */ = {isa = PBXFileReference; lastKnownFileType = sourcecode.c.objc; path = KeyboardViewController.m; sourceTree = "<group>"; };
		33B574481D93130300BD3C20 /* Base */ = {isa = PBXFileReference; lastKnownFileType = file.storyboard; name = Base; path = Base.lproj/Main.storyboard; sourceTree = "<group>"; };
		33B5744A1D93130300BD3C20 /* Assets.xcassets */ = {isa = PBXFileReference; lastKnownFileType = folder.assetcatalog; path = Assets.xcassets; sourceTree = "<group>"; };
		33B5744D1D93130300BD3C20 /* Base */ = {isa = PBXFileReference; lastKnownFileType = file.storyboard; name = Base; path = Base.lproj/LaunchScreen.storyboard; sourceTree = "<group>"; };
		33B5744F1D93130300BD3C20 /* Info.plist */ = {isa = PBXFileReference; lastKnownFileType = text.plist.xml; path = Info.plist; sourceTree = "<group>"; };
		33C7F22C1DAACFFB00E25F9B /* KeyboardSelectorTableViewController.h */ = {isa = PBXFileReference; fileEncoding = 4; lastKnownFileType = sourcecode.c.h; path = KeyboardSelectorTableViewController.h; sourceTree = "<group>"; };
		33C7F22D1DAACFFB00E25F9B /* KeyboardSelectorTableViewController.m */ = {isa = PBXFileReference; fileEncoding = 4; lastKnownFileType = sourcecode.c.objc; path = KeyboardSelectorTableViewController.m; sourceTree = "<group>"; };
		33F391FD1D98DA9100BC1E43 /* Default.xml */ = {isa = PBXFileReference; fileEncoding = 4; lastKnownFileType = text.xml; path = Default.xml; sourceTree = "<group>"; };
		33F391FF1D98DAE900BC1E43 /* Key.h */ = {isa = PBXFileReference; fileEncoding = 4; lastKnownFileType = sourcecode.c.h; path = Key.h; sourceTree = "<group>"; };
		33F392001D98DAE900BC1E43 /* Key.m */ = {isa = PBXFileReference; fileEncoding = 4; lastKnownFileType = sourcecode.c.objc; path = Key.m; sourceTree = "<group>"; };
		33F392011D98DAE900BC1E43 /* Keyboard.h */ = {isa = PBXFileReference; fileEncoding = 4; lastKnownFileType = sourcecode.c.h; path = Keyboard.h; sourceTree = "<group>"; };
		33F392021D98DAE900BC1E43 /* Keyboard.m */ = {isa = PBXFileReference; fileEncoding = 4; lastKnownFileType = sourcecode.c.objc; path = Keyboard.m; sourceTree = "<group>"; };
		33F392031D98DAE900BC1E43 /* KeyboardParser.h */ = {isa = PBXFileReference; fileEncoding = 4; lastKnownFileType = sourcecode.c.h; path = KeyboardParser.h; sourceTree = "<group>"; };
		33F392041D98DAE900BC1E43 /* KeyboardParser.m */ = {isa = PBXFileReference; fileEncoding = 4; lastKnownFileType = sourcecode.c.objc; path = KeyboardParser.m; sourceTree = "<group>"; };
		33F392051D98DAE900BC1E43 /* Keyset.h */ = {isa = PBXFileReference; fileEncoding = 4; lastKnownFileType = sourcecode.c.h; path = Keyset.h; sourceTree = "<group>"; };
		33F392061D98DAE900BC1E43 /* Keyset.m */ = {isa = PBXFileReference; fileEncoding = 4; lastKnownFileType = sourcecode.c.objc; path = Keyset.m; sourceTree = "<group>"; };
		E3ADA0781DD977EF00F95AF1 /* changeKeyboard.h */ = {isa = PBXFileReference; fileEncoding = 4; lastKnownFileType = sourcecode.c.h; path = changeKeyboard.h; sourceTree = "<group>"; };
/* End PBXFileReference section */

/* Begin PBXFrameworksBuildPhase section */
		33B574381D93130200BD3C20 /* Frameworks */ = {
			isa = PBXFrameworksBuildPhase;
			buildActionMask = 2147483647;
			files = (
			);
			runOnlyForDeploymentPostprocessing = 0;
		};
/* End PBXFrameworksBuildPhase section */

/* Begin PBXGroup section */
		33590B6B1DA201F0001D9F8A /* Model */ = {
			isa = PBXGroup;
			children = (
				33F391FF1D98DAE900BC1E43 /* Key.h */,
				33F392001D98DAE900BC1E43 /* Key.m */,
				33F392011D98DAE900BC1E43 /* Keyboard.h */,
				33F392021D98DAE900BC1E43 /* Keyboard.m */,
				33F392031D98DAE900BC1E43 /* KeyboardParser.h */,
				33F392041D98DAE900BC1E43 /* KeyboardParser.m */,
				33F392051D98DAE900BC1E43 /* Keyset.h */,
				33F392061D98DAE900BC1E43 /* Keyset.m */,
			);
			name = Model;
			sourceTree = "<group>";
		};
		33590B6C1DA201FA001D9F8A /* ViewControllers */ = {
			isa = PBXGroup;
			children = (
				33B574441D93130200BD3C20 /* KeyboardViewController.h */,
				33B574451D93130200BD3C20 /* KeyboardViewController.m */,
				33590B6D1DA211C0001D9F8A /* MenuTableViewController.h */,
				33590B6E1DA211C0001D9F8A /* MenuTableViewController.m */,
				33C7F22C1DAACFFB00E25F9B /* KeyboardSelectorTableViewController.h */,
				33C7F22D1DAACFFB00E25F9B /* KeyboardSelectorTableViewController.m */,
				337E56621DB5546200746203 /* KeyAreaViewController.h */,
				337E56631DB5546200746203 /* KeyAreaViewController.m */,
			);
			name = ViewControllers;
			sourceTree = "<group>";
		};
		338657A61DB435EB00708977 /* Delegates */ = {
			isa = PBXGroup;
			children = (
				33B574411D93130200BD3C20 /* AppDelegate.h */,
				33B574421D93130200BD3C20 /* AppDelegate.m */,
				338657A71DB4361100708977 /* KeyboardViewControllerDelegate.h */,
				E3ADA0781DD977EF00F95AF1 /* changeKeyboard.h */,
			);
			name = Delegates;
			sourceTree = "<group>";
		};
		33B574321D93130200BD3C20 = {
			isa = PBXGroup;
			children = (
				33B5743D1D93130200BD3C20 /* Omni Keyboard */,
				33B5743C1D93130200BD3C20 /* Products */,
			);
			sourceTree = "<group>";
		};
		33B5743C1D93130200BD3C20 /* Products */ = {
			isa = PBXGroup;
			children = (
				33B5743B1D93130200BD3C20 /* Omni Keyboard.app */,
			);
			name = Products;
			sourceTree = "<group>";
		};
		33B5743D1D93130200BD3C20 /* Omni Keyboard */ = {
			isa = PBXGroup;
			children = (
				338657A61DB435EB00708977 /* Delegates */,
				33590B6C1DA201FA001D9F8A /* ViewControllers */,
				33590B6B1DA201F0001D9F8A /* Model */,
				33B574471D93130300BD3C20 /* Main.storyboard */,
				33B5744A1D93130300BD3C20 /* Assets.xcassets */,
				33B5744C1D93130300BD3C20 /* LaunchScreen.storyboard */,
				33B5744F1D93130300BD3C20 /* Info.plist */,
				33B5743E1D93130200BD3C20 /* Supporting Files */,
			);
			path = "Omni Keyboard";
			sourceTree = "<group>";
		};
		33B5743E1D93130200BD3C20 /* Supporting Files */ = {
			isa = PBXGroup;
			children = (
				33F391FD1D98DA9100BC1E43 /* Default.xml */,
				33B5743F1D93130200BD3C20 /* main.m */,
			);
			name = "Supporting Files";
			sourceTree = "<group>";
		};
/* End PBXGroup section */

/* Begin PBXNativeTarget section */
		33B5743A1D93130200BD3C20 /* Omni Keyboard */ = {
			isa = PBXNativeTarget;
			buildConfigurationList = 33B574521D93130300BD3C20 /* Build configuration list for PBXNativeTarget "Omni Keyboard" */;
			buildPhases = (
				33B574371D93130200BD3C20 /* Sources */,
				33B574381D93130200BD3C20 /* Frameworks */,
				33B574391D93130200BD3C20 /* Resources */,
			);
			buildRules = (
			);
			dependencies = (
			);
			name = "Omni Keyboard";
			productName = "Omni Keyboard";
			productReference = 33B5743B1D93130200BD3C20 /* Omni Keyboard.app */;
			productType = "com.apple.product-type.application";
		};
/* End PBXNativeTarget section */

/* Begin PBXProject section */
		33B574331D93130200BD3C20 /* Project object */ = {
			isa = PBXProject;
			attributes = {
				LastUpgradeCheck = 0730;
				ORGANIZATIONNAME = Sky;
				TargetAttributes = {
					33B5743A1D93130200BD3C20 = {
						CreatedOnToolsVersion = 7.3.1;
					};
				};
			};
			buildConfigurationList = 33B574361D93130200BD3C20 /* Build configuration list for PBXProject "Omni Keyboard" */;
			compatibilityVersion = "Xcode 3.2";
			developmentRegion = English;
			hasScannedForEncodings = 0;
			knownRegions = (
				en,
				Base,
			);
			mainGroup = 33B574321D93130200BD3C20;
			productRefGroup = 33B5743C1D93130200BD3C20 /* Products */;
			projectDirPath = "";
			projectRoot = "";
			targets = (
				33B5743A1D93130200BD3C20 /* Omni Keyboard */,
			);
		};
/* End PBXProject section */

/* Begin PBXResourcesBuildPhase section */
		33B574391D93130200BD3C20 /* Resources */ = {
			isa = PBXResourcesBuildPhase;
			buildActionMask = 2147483647;
			files = (
				33B5744E1D93130300BD3C20 /* LaunchScreen.storyboard in Resources */,
				33B5744B1D93130300BD3C20 /* Assets.xcassets in Resources */,
				33B574491D93130300BD3C20 /* Main.storyboard in Resources */,
				33F391FE1D98DA9100BC1E43 /* Default.xml in Resources */,
			);
			runOnlyForDeploymentPostprocessing = 0;
		};
/* End PBXResourcesBuildPhase section */

/* Begin PBXSourcesBuildPhase section */
		33B574371D93130200BD3C20 /* Sources */ = {
			isa = PBXSourcesBuildPhase;
			buildActionMask = 2147483647;
			files = (
				33B574461D93130200BD3C20 /* KeyboardViewController.m in Sources */,
				33C7F22E1DAACFFB00E25F9B /* KeyboardSelectorTableViewController.m in Sources */,
				33F392071D98DAE900BC1E43 /* Key.m in Sources */,
				33B574431D93130200BD3C20 /* AppDelegate.m in Sources */,
				33590B6F1DA211C0001D9F8A /* MenuTableViewController.m in Sources */,
				33F3920A1D98DAE900BC1E43 /* Keyset.m in Sources */,
				33F392091D98DAE900BC1E43 /* KeyboardParser.m in Sources */,
				337E56641DB5546200746203 /* KeyAreaViewController.m in Sources */,
				33B574401D93130200BD3C20 /* main.m in Sources */,
				33F392081D98DAE900BC1E43 /* Keyboard.m in Sources */,
			);
			runOnlyForDeploymentPostprocessing = 0;
		};
/* End PBXSourcesBuildPhase section */

/* Begin PBXVariantGroup section */
		33B574471D93130300BD3C20 /* Main.storyboard */ = {
			isa = PBXVariantGroup;
			children = (
				33B574481D93130300BD3C20 /* Base */,
			);
			name = Main.storyboard;
			sourceTree = "<group>";
		};
		33B5744C1D93130300BD3C20 /* LaunchScreen.storyboard */ = {
			isa = PBXVariantGroup;
			children = (
				33B5744D1D93130300BD3C20 /* Base */,
			);
			name = LaunchScreen.storyboard;
			sourceTree = "<group>";
		};
/* End PBXVariantGroup section */

/* Begin XCBuildConfiguration section */
		33B574501D93130300BD3C20 /* Debug */ = {
			isa = XCBuildConfiguration;
			buildSettings = {
				ALWAYS_SEARCH_USER_PATHS = NO;
				CLANG_ANALYZER_NONNULL = YES;
				CLANG_CXX_LANGUAGE_STANDARD = "gnu++0x";
				CLANG_CXX_LIBRARY = "libc++";
				CLANG_ENABLE_MODULES = YES;
				CLANG_ENABLE_OBJC_ARC = YES;
				CLANG_WARN_BOOL_CONVERSION = YES;
				CLANG_WARN_CONSTANT_CONVERSION = YES;
				CLANG_WARN_DIRECT_OBJC_ISA_USAGE = YES_ERROR;
				CLANG_WARN_EMPTY_BODY = YES;
				CLANG_WARN_ENUM_CONVERSION = YES;
				CLANG_WARN_INT_CONVERSION = YES;
				CLANG_WARN_OBJC_ROOT_CLASS = YES_ERROR;
				CLANG_WARN_UNREACHABLE_CODE = YES;
				CLANG_WARN__DUPLICATE_METHOD_MATCH = YES;
				"CODE_SIGN_IDENTITY[sdk=iphoneos*]" = "iPhone Developer";
				COPY_PHASE_STRIP = NO;
				DEBUG_INFORMATION_FORMAT = dwarf;
				ENABLE_STRICT_OBJC_MSGSEND = YES;
				ENABLE_TESTABILITY = YES;
				GCC_C_LANGUAGE_STANDARD = gnu99;
				GCC_DYNAMIC_NO_PIC = NO;
				GCC_NO_COMMON_BLOCKS = YES;
				GCC_OPTIMIZATION_LEVEL = 0;
				GCC_PREPROCESSOR_DEFINITIONS = (
					"DEBUG=1",
					"$(inherited)",
				);
				GCC_WARN_64_TO_32_BIT_CONVERSION = YES;
				GCC_WARN_ABOUT_RETURN_TYPE = YES_ERROR;
				GCC_WARN_UNDECLARED_SELECTOR = YES;
				GCC_WARN_UNINITIALIZED_AUTOS = YES_AGGRESSIVE;
				GCC_WARN_UNUSED_FUNCTION = YES;
				GCC_WARN_UNUSED_VARIABLE = YES;
				IPHONEOS_DEPLOYMENT_TARGET = 9.3;
				MTL_ENABLE_DEBUG_INFO = YES;
				ONLY_ACTIVE_ARCH = YES;
				SDKROOT = iphoneos;
			};
			name = Debug;
		};
		33B574511D93130300BD3C20 /* Release */ = {
			isa = XCBuildConfiguration;
			buildSettings = {
				ALWAYS_SEARCH_USER_PATHS = NO;
				CLANG_ANALYZER_NONNULL = YES;
				CLANG_CXX_LANGUAGE_STANDARD = "gnu++0x";
				CLANG_CXX_LIBRARY = "libc++";
				CLANG_ENABLE_MODULES = YES;
				CLANG_ENABLE_OBJC_ARC = YES;
				CLANG_WARN_BOOL_CONVERSION = YES;
				CLANG_WARN_CONSTANT_CONVERSION = YES;
				CLANG_WARN_DIRECT_OBJC_ISA_USAGE = YES_ERROR;
				CLANG_WARN_EMPTY_BODY = YES;
				CLANG_WARN_ENUM_CONVERSION = YES;
				CLANG_WARN_INT_CONVERSION = YES;
				CLANG_WARN_OBJC_ROOT_CLASS = YES_ERROR;
				CLANG_WARN_UNREACHABLE_CODE = YES;
				CLANG_WARN__DUPLICATE_METHOD_MATCH = YES;
				"CODE_SIGN_IDENTITY[sdk=iphoneos*]" = "iPhone Developer";
				COPY_PHASE_STRIP = NO;
				DEBUG_INFORMATION_FORMAT = "dwarf-with-dsym";
				ENABLE_NS_ASSERTIONS = NO;
				ENABLE_STRICT_OBJC_MSGSEND = YES;
				GCC_C_LANGUAGE_STANDARD = gnu99;
				GCC_NO_COMMON_BLOCKS = YES;
				GCC_WARN_64_TO_32_BIT_CONVERSION = YES;
				GCC_WARN_ABOUT_RETURN_TYPE = YES_ERROR;
				GCC_WARN_UNDECLARED_SELECTOR = YES;
				GCC_WARN_UNINITIALIZED_AUTOS = YES_AGGRESSIVE;
				GCC_WARN_UNUSED_FUNCTION = YES;
				GCC_WARN_UNUSED_VARIABLE = YES;
				IPHONEOS_DEPLOYMENT_TARGET = 9.3;
				MTL_ENABLE_DEBUG_INFO = NO;
				SDKROOT = iphoneos;
				VALIDATE_PRODUCT = YES;
			};
			name = Release;
		};
		33B574531D93130300BD3C20 /* Debug */ = {
			isa = XCBuildConfiguration;
			buildSettings = {
				ASSETCATALOG_COMPILER_APPICON_NAME = AppIcon;
				INFOPLIST_FILE = "Omni Keyboard/Info.plist";
				LD_RUNPATH_SEARCH_PATHS = "$(inherited) @executable_path/Frameworks";
				PRODUCT_BUNDLE_IDENTIFIER = "UHCL.Omni-Keyboard";
				PRODUCT_NAME = "$(TARGET_NAME)";
			};
			name = Debug;
		};
		33B574541D93130300BD3C20 /* Release */ = {
			isa = XCBuildConfiguration;
			buildSettings = {
				ASSETCATALOG_COMPILER_APPICON_NAME = AppIcon;
				INFOPLIST_FILE = "Omni Keyboard/Info.plist";
				LD_RUNPATH_SEARCH_PATHS = "$(inherited) @executable_path/Frameworks";
				PRODUCT_BUNDLE_IDENTIFIER = "UHCL.Omni-Keyboard";
				PRODUCT_NAME = "$(TARGET_NAME)";
			};
			name = Release;
		};
/* End XCBuildConfiguration section */

/* Begin XCConfigurationList section */
		33B574361D93130200BD3C20 /* Build configuration list for PBXProject "Omni Keyboard" */ = {
			isa = XCConfigurationList;
			buildConfigurations = (
				33B574501D93130300BD3C20 /* Debug */,
				33B574511D93130300BD3C20 /* Release */,
			);
			defaultConfigurationIsVisible = 0;
			defaultConfigurationName = Release;
		};
		33B574521D93130300BD3C20 /* Build configuration list for PBXNativeTarget "Omni Keyboard" */ = {
			isa = XCConfigurationList;
			buildConfigurations = (
				33B574531D93130300BD3C20 /* Debug */,
				33B574541D93130300BD3C20 /* Release */,
			);
			defaultConfigurationIsVisible = 0;
			defaultConfigurationName = Release;
		};
/* End XCConfigurationList section */
	};
	rootObject = 33B574331D93130200BD3C20 /* Project object */;
}
